
Microsoft Visual Studio Solution File, Format Version 12.00
# Visual Studio Version 16
VisualStudioVersion = 16.0.30406.217
MinimumVisualStudioVersion = 10.0.40219.1
Project("{8BC9CEB8-8B4A-11D0-8D11-00A0C91BC942}") = "sirtestalot", "sirtestalot.vcxproj", "{12CB6AAD-01AA-420C-88E4-FB8867A7B612}"
EndProject
Global
	GlobalSection(SolutionConfigurationPlatforms) = preSolution
		Debug|x64 = Debug|x64
		Debug|x86 = Debug|x86
		Release|x64 = Release|x64
		Release|x86 = Release|x86
	EndGlobalSection
	GlobalSection(ProjectConfigurationPlatforms) = postSolution
		{12CB6AAD-01AA-420C-88E4-FB8867A7B612}.Debug|x64.ActiveCfg = Debug|x64
		{12CB6AAD-01AA-420C-88E4-FB8867A7B612}.Debug|x64.Build.0 = Debug|x64
		{12CB6AAD-01AA-420C-88E4-FB8867A7B612}.Debug|x86.ActiveCfg = Debug|Win32
		{12CB6AAD-01AA-420C-88E4-FB8867A7B612}.Debug|x86.Build.0 = Debug|Win32
		{12CB6AAD-01AA-420C-88E4-FB8867A7B612}.Release|x64.ActiveCfg = Release|x64
		{12CB6AAD-01AA-420C-88E4-FB8867A7B612}.Release|x64.Build.0 = Release|x64
		{12CB6AAD-01AA-420C-88E4-FB8867A7B612}.Release|x86.ActiveCfg = Release|Win32
		{12CB6AAD-01AA-420C-88E4-FB8867A7B612}.Release|x86.Build.0 = Release|Win32
	EndGlobalSection
	GlobalSection(SolutionProperties) = preSolution
		HideSolutionNode = FALSE
	EndGlobalSection
	GlobalSection(ExtensibilityGlobals) = postSolution
		SolutionGuid = {A1EDC3B5-A7BE-42AE-B1B1-E695BF3B5778}
	EndGlobalSection
EndGlobal
